// !$*UTF8*$!
{
	archiveVersion = 1;
	classes = {
	};
	objectVersion = 55;
	objects = {

/* Begin PBXBuildFile section */
		83F00C8194B7DCBCFC44C2FC /* Pods_BuildInstagramApp.framework in Frameworks */ = {isa = PBXBuildFile; fileRef = EB63674E2B33CC8C12EC688B /* Pods_BuildInstagramApp.framework */; };
		9341B5622726B27000EC85DE /* AppDelegate.swift in Sources */ = {isa = PBXBuildFile; fileRef = 9341B5612726B27000EC85DE /* AppDelegate.swift */; };
		9341B5642726B27000EC85DE /* SceneDelegate.swift in Sources */ = {isa = PBXBuildFile; fileRef = 9341B5632726B27000EC85DE /* SceneDelegate.swift */; };
		9341B5662726B27000EC85DE /* HomeViewController.swift in Sources */ = {isa = PBXBuildFile; fileRef = 9341B5652726B27000EC85DE /* HomeViewController.swift */; };
		9341B5692726B27000EC85DE /* Main.storyboard in Resources */ = {isa = PBXBuildFile; fileRef = 9341B5672726B27000EC85DE /* Main.storyboard */; };
		9341B56B2726B27200EC85DE /* Assets.xcassets in Resources */ = {isa = PBXBuildFile; fileRef = 9341B56A2726B27200EC85DE /* Assets.xcassets */; };
		9341B56E2726B27200EC85DE /* LaunchScreen.storyboard in Resources */ = {isa = PBXBuildFile; fileRef = 9341B56C2726B27200EC85DE /* LaunchScreen.storyboard */; };
		9341B57A2726B34E00EC85DE /* ExploreViewController.swift in Sources */ = {isa = PBXBuildFile; fileRef = 9341B5792726B34E00EC85DE /* ExploreViewController.swift */; };
		9341B57C2726B36F00EC85DE /* CameraViewController.swift in Sources */ = {isa = PBXBuildFile; fileRef = 9341B57B2726B36F00EC85DE /* CameraViewController.swift */; };
		9341B57E2726B39500EC85DE /* NotificationsViewController.swift in Sources */ = {isa = PBXBuildFile; fileRef = 9341B57D2726B39500EC85DE /* NotificationsViewController.swift */; };
		9341B5802726B3AE00EC85DE /* ProfileViewController.swift in Sources */ = {isa = PBXBuildFile; fileRef = 9341B57F2726B3AE00EC85DE /* ProfileViewController.swift */; };
		9341B5852726B42300EC85DE /* LoginViewController.swift in Sources */ = {isa = PBXBuildFile; fileRef = 9341B5842726B42300EC85DE /* LoginViewController.swift */; };
		9341B5872726B42C00EC85DE /* RegisterViewController.swift in Sources */ = {isa = PBXBuildFile; fileRef = 9341B5862726B42C00EC85DE /* RegisterViewController.swift */; };
		9341B5892726B46000EC85DE /* PostViewController.swift in Sources */ = {isa = PBXBuildFile; fileRef = 9341B5882726B46000EC85DE /* PostViewController.swift */; };
		9341B58B2726B48000EC85DE /* EditProfileViewController.swift in Sources */ = {isa = PBXBuildFile; fileRef = 9341B58A2726B48000EC85DE /* EditProfileViewController.swift */; };
		9341B58D2726B49700EC85DE /* SettingViewController.swift in Sources */ = {isa = PBXBuildFile; fileRef = 9341B58C2726B49700EC85DE /* SettingViewController.swift */; };
		9341B58F2726B4AF00EC85DE /* ListViewController.swift in Sources */ = {isa = PBXBuildFile; fileRef = 9341B58E2726B4AF00EC85DE /* ListViewController.swift */; };
		9341B5912726B4BB00EC85DE /* SearchViewController.swift in Sources */ = {isa = PBXBuildFile; fileRef = 9341B5902726B4BB00EC85DE /* SearchViewController.swift */; };
		9341B5932726B4CA00EC85DE /* SearchResultViewController.swift in Sources */ = {isa = PBXBuildFile; fileRef = 9341B5922726B4CA00EC85DE /* SearchResultViewController.swift */; };
		9341B5952726B4EE00EC85DE /* PostEditerViewController.swift in Sources */ = {isa = PBXBuildFile; fileRef = 9341B5942726B4EE00EC85DE /* PostEditerViewController.swift */; };
		9341B5972726B4FB00EC85DE /* PublishPostViewController.swift in Sources */ = {isa = PBXBuildFile; fileRef = 9341B5962726B4FB00EC85DE /* PublishPostViewController.swift */; };
		9341E522272A830A0063BAD8 /* FormTableViewCell.swift in Sources */ = {isa = PBXBuildFile; fileRef = 9341E521272A830A0063BAD8 /* FormTableViewCell.swift */; };
		9355AC2C27279D8D007DBD4C /* GoogleService-Info.plist in Resources */ = {isa = PBXBuildFile; fileRef = 9355AC2B27279D8D007DBD4C /* GoogleService-Info.plist */; };
		9355AC2F2727A1FA007DBD4C /* DatabaseManager.swift in Sources */ = {isa = PBXBuildFile; fileRef = 9355AC2E2727A1FA007DBD4C /* DatabaseManager.swift */; };
		9355AC312727A329007DBD4C /* AuthManager.swift in Sources */ = {isa = PBXBuildFile; fileRef = 9355AC302727A329007DBD4C /* AuthManager.swift */; };
		9355AC332727A371007DBD4C /* StorgerManager.swift in Sources */ = {isa = PBXBuildFile; fileRef = 9355AC322727A371007DBD4C /* StorgerManager.swift */; };
		9355AC352727A95B007DBD4C /* Extension.swift in Sources */ = {isa = PBXBuildFile; fileRef = 9355AC342727A95B007DBD4C /* Extension.swift */; };
		938D29F1272A427400025506 /* IGFeedPostTableViewCell.swift in Sources */ = {isa = PBXBuildFile; fileRef = 938D29F0272A427400025506 /* IGFeedPostTableViewCell.swift */; };
		938D29F5272A447200025506 /* IGFeedPostHeaderTableViewCell.swift in Sources */ = {isa = PBXBuildFile; fileRef = 938D29F4272A447200025506 /* IGFeedPostHeaderTableViewCell.swift */; };
		938D29F7272A448700025506 /* IGFeedPostActionTableViewCell.swift in Sources */ = {isa = PBXBuildFile; fileRef = 938D29F6272A448700025506 /* IGFeedPostActionTableViewCell.swift */; };
		938D29F9272A44AC00025506 /* IGFeedPostGeneralTableViewCell.swift in Sources */ = {isa = PBXBuildFile; fileRef = 938D29F8272A44AC00025506 /* IGFeedPostGeneralTableViewCell.swift */; };
/* End PBXBuildFile section */

/* Begin PBXFileReference section */
		2AA41C62DA3A5741866BD230 /* Pods-BuildInstagramApp.debug.xcconfig */ = {isa = PBXFileReference; includeInIndex = 1; lastKnownFileType = text.xcconfig; name = "Pods-BuildInstagramApp.debug.xcconfig"; path = "Target Support Files/Pods-BuildInstagramApp/Pods-BuildInstagramApp.debug.xcconfig"; sourceTree = "<group>"; };
		509054D94A592F99BF02873C /* Pods-BuildInstagramApp.release.xcconfig */ = {isa = PBXFileReference; includeInIndex = 1; lastKnownFileType = text.xcconfig; name = "Pods-BuildInstagramApp.release.xcconfig"; path = "Target Support Files/Pods-BuildInstagramApp/Pods-BuildInstagramApp.release.xcconfig"; sourceTree = "<group>"; };
		9341B55E2726B27000EC85DE /* BuildInstagramApp.app */ = {isa = PBXFileReference; explicitFileType = wrapper.application; includeInIndex = 0; path = BuildInstagramApp.app; sourceTree = BUILT_PRODUCTS_DIR; };
		9341B5612726B27000EC85DE /* AppDelegate.swift */ = {isa = PBXFileReference; lastKnownFileType = sourcecode.swift; path = AppDelegate.swift; sourceTree = "<group>"; };
		9341B5632726B27000EC85DE /* SceneDelegate.swift */ = {isa = PBXFileReference; lastKnownFileType = sourcecode.swift; path = SceneDelegate.swift; sourceTree = "<group>"; };
		9341B5652726B27000EC85DE /* HomeViewController.swift */ = {isa = PBXFileReference; lastKnownFileType = sourcecode.swift; path = HomeViewController.swift; sourceTree = "<group>"; };
		9341B5682726B27000EC85DE /* Base */ = {isa = PBXFileReference; lastKnownFileType = file.storyboard; name = Base; path = Base.lproj/Main.storyboard; sourceTree = "<group>"; };
		9341B56A2726B27200EC85DE /* Assets.xcassets */ = {isa = PBXFileReference; lastKnownFileType = folder.assetcatalog; path = Assets.xcassets; sourceTree = "<group>"; };
		9341B56D2726B27200EC85DE /* Base */ = {isa = PBXFileReference; lastKnownFileType = file.storyboard; name = Base; path = Base.lproj/LaunchScreen.storyboard; sourceTree = "<group>"; };
		9341B56F2726B27200EC85DE /* Info.plist */ = {isa = PBXFileReference; lastKnownFileType = text.plist.xml; path = Info.plist; sourceTree = "<group>"; };
		9341B5792726B34E00EC85DE /* ExploreViewController.swift */ = {isa = PBXFileReference; lastKnownFileType = sourcecode.swift; path = ExploreViewController.swift; sourceTree = "<group>"; };
		9341B57B2726B36F00EC85DE /* CameraViewController.swift */ = {isa = PBXFileReference; lastKnownFileType = sourcecode.swift; path = CameraViewController.swift; sourceTree = "<group>"; };
		9341B57D2726B39500EC85DE /* NotificationsViewController.swift */ = {isa = PBXFileReference; lastKnownFileType = sourcecode.swift; path = NotificationsViewController.swift; sourceTree = "<group>"; };
		9341B57F2726B3AE00EC85DE /* ProfileViewController.swift */ = {isa = PBXFileReference; lastKnownFileType = sourcecode.swift; path = ProfileViewController.swift; sourceTree = "<group>"; };
		9341B5842726B42300EC85DE /* LoginViewController.swift */ = {isa = PBXFileReference; lastKnownFileType = sourcecode.swift; path = LoginViewController.swift; sourceTree = "<group>"; };
		9341B5862726B42C00EC85DE /* RegisterViewController.swift */ = {isa = PBXFileReference; lastKnownFileType = sourcecode.swift; path = RegisterViewController.swift; sourceTree = "<group>"; };
		9341B5882726B46000EC85DE /* PostViewController.swift */ = {isa = PBXFileReference; lastKnownFileType = sourcecode.swift; path = PostViewController.swift; sourceTree = "<group>"; };
		9341B58A2726B48000EC85DE /* EditProfileViewController.swift */ = {isa = PBXFileReference; lastKnownFileType = sourcecode.swift; path = EditProfileViewController.swift; sourceTree = "<group>"; };
		9341B58C2726B49700EC85DE /* SettingViewController.swift */ = {isa = PBXFileReference; lastKnownFileType = sourcecode.swift; path = SettingViewController.swift; sourceTree = "<group>"; };
		9341B58E2726B4AF00EC85DE /* ListViewController.swift */ = {isa = PBXFileReference; lastKnownFileType = sourcecode.swift; path = ListViewController.swift; sourceTree = "<group>"; };
		9341B5902726B4BB00EC85DE /* SearchViewController.swift */ = {isa = PBXFileReference; lastKnownFileType = sourcecode.swift; path = SearchViewController.swift; sourceTree = "<group>"; };
		9341B5922726B4CA00EC85DE /* SearchResultViewController.swift */ = {isa = PBXFileReference; lastKnownFileType = sourcecode.swift; path = SearchResultViewController.swift; sourceTree = "<group>"; };
		9341B5942726B4EE00EC85DE /* PostEditerViewController.swift */ = {isa = PBXFileReference; lastKnownFileType = sourcecode.swift; path = PostEditerViewController.swift; sourceTree = "<group>"; };
		9341B5962726B4FB00EC85DE /* PublishPostViewController.swift */ = {isa = PBXFileReference; lastKnownFileType = sourcecode.swift; path = PublishPostViewController.swift; sourceTree = "<group>"; };
		9341E521272A830A0063BAD8 /* FormTableViewCell.swift */ = {isa = PBXFileReference; lastKnownFileType = sourcecode.swift; path = FormTableViewCell.swift; sourceTree = "<group>"; };
		9355AC2B27279D8D007DBD4C /* GoogleService-Info.plist */ = {isa = PBXFileReference; fileEncoding = 4; lastKnownFileType = text.plist.xml; path = "GoogleService-Info.plist"; sourceTree = "<group>"; };
		9355AC2E2727A1FA007DBD4C /* DatabaseManager.swift */ = {isa = PBXFileReference; lastKnownFileType = sourcecode.swift; path = DatabaseManager.swift; sourceTree = "<group>"; };
		9355AC302727A329007DBD4C /* AuthManager.swift */ = {isa = PBXFileReference; lastKnownFileType = sourcecode.swift; path = AuthManager.swift; sourceTree = "<group>"; };
		9355AC322727A371007DBD4C /* StorgerManager.swift */ = {isa = PBXFileReference; lastKnownFileType = sourcecode.swift; path = StorgerManager.swift; sourceTree = "<group>"; };
		9355AC342727A95B007DBD4C /* Extension.swift */ = {isa = PBXFileReference; lastKnownFileType = sourcecode.swift; path = Extension.swift; sourceTree = "<group>"; };
		938D29F0272A427400025506 /* IGFeedPostTableViewCell.swift */ = {isa = PBXFileReference; lastKnownFileType = sourcecode.swift; path = IGFeedPostTableViewCell.swift; sourceTree = "<group>"; };
		938D29F4272A447200025506 /* IGFeedPostHeaderTableViewCell.swift */ = {isa = PBXFileReference; lastKnownFileType = sourcecode.swift; path = IGFeedPostHeaderTableViewCell.swift; sourceTree = "<group>"; };
		938D29F6272A448700025506 /* IGFeedPostActionTableViewCell.swift */ = {isa = PBXFileReference; lastKnownFileType = sourcecode.swift; path = IGFeedPostActionTableViewCell.swift; sourceTree = "<group>"; };
		938D29F8272A44AC00025506 /* IGFeedPostGeneralTableViewCell.swift */ = {isa = PBXFileReference; lastKnownFileType = sourcecode.swift; path = IGFeedPostGeneralTableViewCell.swift; sourceTree = "<group>"; };
		EB63674E2B33CC8C12EC688B /* Pods_BuildInstagramApp.framework */ = {isa = PBXFileReference; explicitFileType = wrapper.framework; includeInIndex = 0; path = Pods_BuildInstagramApp.framework; sourceTree = BUILT_PRODUCTS_DIR; };
/* End PBXFileReference section */

/* Begin PBXFrameworksBuildPhase section */
		9341B55B2726B27000EC85DE /* Frameworks */ = {
			isa = PBXFrameworksBuildPhase;
			buildActionMask = 2147483647;
			files = (
				83F00C8194B7DCBCFC44C2FC /* Pods_BuildInstagramApp.framework in Frameworks */,
			);
			runOnlyForDeploymentPostprocessing = 0;
		};
/* End PBXFrameworksBuildPhase section */

/* Begin PBXGroup section */
		1FB4D115AC5B2C8BF9B66A59 /* Frameworks */ = {
			isa = PBXGroup;
			children = (
				EB63674E2B33CC8C12EC688B /* Pods_BuildInstagramApp.framework */,
			);
			name = Frameworks;
			sourceTree = "<group>";
		};
		727DF24D01B2BB071412B8BF /* Pods */ = {
			isa = PBXGroup;
			children = (
				2AA41C62DA3A5741866BD230 /* Pods-BuildInstagramApp.debug.xcconfig */,
				509054D94A592F99BF02873C /* Pods-BuildInstagramApp.release.xcconfig */,
			);
			path = Pods;
			sourceTree = "<group>";
		};
		9341B5552726B27000EC85DE = {
			isa = PBXGroup;
			children = (
				9341B5782726B2BF00EC85DE /* resource */,
				9341B5772726B2A700EC85DE /* C */,
				9341B5762726B2A200EC85DE /* V */,
				9341B5752726B29C00EC85DE /* M */,
				9341B5602726B27000EC85DE /* BuildInstagramApp */,
				9341B55F2726B27000EC85DE /* Products */,
				1FB4D115AC5B2C8BF9B66A59 /* Frameworks */,
				727DF24D01B2BB071412B8BF /* Pods */,
			);
			sourceTree = "<group>";
		};
		9341B55F2726B27000EC85DE /* Products */ = {
			isa = PBXGroup;
			children = (
				9341B55E2726B27000EC85DE /* BuildInstagramApp.app */,
			);
			name = Products;
			sourceTree = "<group>";
		};
		9341B5602726B27000EC85DE /* BuildInstagramApp */ = {
			isa = PBXGroup;
			children = (
				9341B5612726B27000EC85DE /* AppDelegate.swift */,
				9341B5632726B27000EC85DE /* SceneDelegate.swift */,
				9341B56A2726B27200EC85DE /* Assets.xcassets */,
				9341B56C2726B27200EC85DE /* LaunchScreen.storyboard */,
				9341B56F2726B27200EC85DE /* Info.plist */,
			);
			path = BuildInstagramApp;
			sourceTree = "<group>";
		};
		9341B5752726B29C00EC85DE /* M */ = {
			isa = PBXGroup;
			children = (
			);
			path = M;
			sourceTree = "<group>";
		};
		9341B5762726B2A200EC85DE /* V */ = {
			isa = PBXGroup;
			children = (
				9341B5672726B27000EC85DE /* Main.storyboard */,
				938D29F2272A427B00025506 /* Cells */,
			);
			path = V;
			sourceTree = "<group>";
		};
		9341B5772726B2A700EC85DE /* C */ = {
			isa = PBXGroup;
			children = (
				9341B5822726B3F500EC85DE /* Other */,
				9341B5812726B3B800EC85DE /* CoreTabs */,
			);
			path = C;
			sourceTree = "<group>";
		};
		9341B5782726B2BF00EC85DE /* resource */ = {
			isa = PBXGroup;
			children = (
				9355AC2E2727A1FA007DBD4C /* DatabaseManager.swift */,
				9355AC322727A371007DBD4C /* StorgerManager.swift */,
				9355AC302727A329007DBD4C /* AuthManager.swift */,
				9355AC2B27279D8D007DBD4C /* GoogleService-Info.plist */,
				9355AC342727A95B007DBD4C /* Extension.swift */,
			);
			path = resource;
			sourceTree = "<group>";
		};
		9341B5812726B3B800EC85DE /* CoreTabs */ = {
			isa = PBXGroup;
			children = (
				9341B5652726B27000EC85DE /* HomeViewController.swift */,
				9341B5792726B34E00EC85DE /* ExploreViewController.swift */,
				9341B57B2726B36F00EC85DE /* CameraViewController.swift */,
				9341B57D2726B39500EC85DE /* NotificationsViewController.swift */,
				9341B57F2726B3AE00EC85DE /* ProfileViewController.swift */,
			);
			path = CoreTabs;
			sourceTree = "<group>";
		};
		9341B5822726B3F500EC85DE /* Other */ = {
			isa = PBXGroup;
			children = (
				9341B5832726B41000EC85DE /* Onboarding */,
				9355AC2D2727A0ED007DBD4C /* Genra */,
			);
			path = Other;
			sourceTree = "<group>";
		};
		9341B5832726B41000EC85DE /* Onboarding */ = {
			isa = PBXGroup;
			children = (
				9341B5842726B42300EC85DE /* LoginViewController.swift */,
				9341B5862726B42C00EC85DE /* RegisterViewController.swift */,
			);
			path = Onboarding;
			sourceTree = "<group>";
		};
		9355AC2D2727A0ED007DBD4C /* Genra */ = {
			isa = PBXGroup;
			children = (
				9341B5882726B46000EC85DE /* PostViewController.swift */,
				9341B58A2726B48000EC85DE /* EditProfileViewController.swift */,
				9341B58C2726B49700EC85DE /* SettingViewController.swift */,
				9341B58E2726B4AF00EC85DE /* ListViewController.swift */,
				9341B5902726B4BB00EC85DE /* SearchViewController.swift */,
				9341B5922726B4CA00EC85DE /* SearchResultViewController.swift */,
				9341B5942726B4EE00EC85DE /* PostEditerViewController.swift */,
				9341B5962726B4FB00EC85DE /* PublishPostViewController.swift */,
			);
			path = Genra;
			sourceTree = "<group>";
		};
		938D29F2272A427B00025506 /* Cells */ = {
			isa = PBXGroup;
			children = (
				938D29F3272A444000025506 /* HomeFeed */,
				9341E521272A830A0063BAD8 /* FormTableViewCell.swift */,
			);
			path = Cells;
			sourceTree = "<group>";
		};
		938D29F3272A444000025506 /* HomeFeed */ = {
			isa = PBXGroup;
			children = (
				938D29F0272A427400025506 /* IGFeedPostTableViewCell.swift */,
				938D29F4272A447200025506 /* IGFeedPostHeaderTableViewCell.swift */,
				938D29F6272A448700025506 /* IGFeedPostActionTableViewCell.swift */,
				938D29F8272A44AC00025506 /* IGFeedPostGeneralTableViewCell.swift */,
			);
			path = HomeFeed;
			sourceTree = "<group>";
		};
/* End PBXGroup section */

/* Begin PBXNativeTarget section */
		9341B55D2726B27000EC85DE /* BuildInstagramApp */ = {
			isa = PBXNativeTarget;
			buildConfigurationList = 9341B5722726B27200EC85DE /* Build configuration list for PBXNativeTarget "BuildInstagramApp" */;
			buildPhases = (
				E5D3D19D6D234FEB8F377E65 /* [CP] Check Pods Manifest.lock */,
				9341B55A2726B27000EC85DE /* Sources */,
				9341B55B2726B27000EC85DE /* Frameworks */,
				9341B55C2726B27000EC85DE /* Resources */,
				FF784C4A134D1C4EB930D6B1 /* [CP] Embed Pods Frameworks */,
			);
			buildRules = (
			);
			dependencies = (
			);
			name = BuildInstagramApp;
			productName = BuildInstagramApp;
			productReference = 9341B55E2726B27000EC85DE /* BuildInstagramApp.app */;
			productType = "com.apple.product-type.application";
		};
/* End PBXNativeTarget section */

/* Begin PBXProject section */
		9341B5562726B27000EC85DE /* Project object */ = {
			isa = PBXProject;
			attributes = {
				BuildIndependentTargetsInParallel = 1;
				LastSwiftUpdateCheck = 1300;
				LastUpgradeCheck = 1300;
				TargetAttributes = {
					9341B55D2726B27000EC85DE = {
						CreatedOnToolsVersion = 13.0;
					};
				};
			};
			buildConfigurationList = 9341B5592726B27000EC85DE /* Build configuration list for PBXProject "BuildInstagramApp" */;
			compatibilityVersion = "Xcode 13.0";
			developmentRegion = en;
			hasScannedForEncodings = 0;
			knownRegions = (
				en,
				Base,
			);
			mainGroup = 9341B5552726B27000EC85DE;
			productRefGroup = 9341B55F2726B27000EC85DE /* Products */;
			projectDirPath = "";
			projectRoot = "";
			targets = (
				9341B55D2726B27000EC85DE /* BuildInstagramApp */,
			);
		};
/* End PBXProject section */

/* Begin PBXResourcesBuildPhase section */
		9341B55C2726B27000EC85DE /* Resources */ = {
			isa = PBXResourcesBuildPhase;
			buildActionMask = 2147483647;
			files = (
				9341B56E2726B27200EC85DE /* LaunchScreen.storyboard in Resources */,
				9355AC2C27279D8D007DBD4C /* GoogleService-Info.plist in Resources */,
				9341B56B2726B27200EC85DE /* Assets.xcassets in Resources */,
				9341B5692726B27000EC85DE /* Main.storyboard in Resources */,
			);
			runOnlyForDeploymentPostprocessing = 0;
		};
/* End PBXResourcesBuildPhase section */

/* Begin PBXShellScriptBuildPhase section */
		E5D3D19D6D234FEB8F377E65 /* [CP] Check Pods Manifest.lock */ = {
			isa = PBXShellScriptBuildPhase;
			buildActionMask = 2147483647;
			files = (
			);
			inputFileListPaths = (
			);
			inputPaths = (
				"${PODS_PODFILE_DIR_PATH}/Podfile.lock",
				"${PODS_ROOT}/Manifest.lock",
			);
			name = "[CP] Check Pods Manifest.lock";
			outputFileListPaths = (
			);
			outputPaths = (
				"$(DERIVED_FILE_DIR)/Pods-BuildInstagramApp-checkManifestLockResult.txt",
			);
			runOnlyForDeploymentPostprocessing = 0;
			shellPath = /bin/sh;
			shellScript = "diff \"${PODS_PODFILE_DIR_PATH}/Podfile.lock\" \"${PODS_ROOT}/Manifest.lock\" > /dev/null\nif [ $? != 0 ] ; then\n    # print error to STDERR\n    echo \"error: The sandbox is not in sync with the Podfile.lock. Run 'pod install' or update your CocoaPods installation.\" >&2\n    exit 1\nfi\n# This output is used by Xcode 'outputs' to avoid re-running this script phase.\necho \"SUCCESS\" > \"${SCRIPT_OUTPUT_FILE_0}\"\n";
			showEnvVarsInLog = 0;
		};
		FF784C4A134D1C4EB930D6B1 /* [CP] Embed Pods Frameworks */ = {
			isa = PBXShellScriptBuildPhase;
			buildActionMask = 2147483647;
			files = (
			);
			inputFileListPaths = (
				"${PODS_ROOT}/Target Support Files/Pods-BuildInstagramApp/Pods-BuildInstagramApp-frameworks-${CONFIGURATION}-input-files.xcfilelist",
			);
			name = "[CP] Embed Pods Frameworks";
			outputFileListPaths = (
				"${PODS_ROOT}/Target Support Files/Pods-BuildInstagramApp/Pods-BuildInstagramApp-frameworks-${CONFIGURATION}-output-files.xcfilelist",
			);
			runOnlyForDeploymentPostprocessing = 0;
			shellPath = /bin/sh;
			shellScript = "\"${PODS_ROOT}/Target Support Files/Pods-BuildInstagramApp/Pods-BuildInstagramApp-frameworks.sh\"\n";
			showEnvVarsInLog = 0;
		};
/* End PBXShellScriptBuildPhase section */

/* Begin PBXSourcesBuildPhase section */
		9341B55A2726B27000EC85DE /* Sources */ = {
			isa = PBXSourcesBuildPhase;
			buildActionMask = 2147483647;
			files = (
				9341B58B2726B48000EC85DE /* EditProfileViewController.swift in Sources */,
				9341B5872726B42C00EC85DE /* RegisterViewController.swift in Sources */,
				9341B5972726B4FB00EC85DE /* PublishPostViewController.swift in Sources */,
				9341B57A2726B34E00EC85DE /* ExploreViewController.swift in Sources */,
				9355AC332727A371007DBD4C /* StorgerManager.swift in Sources */,
				9341B57C2726B36F00EC85DE /* CameraViewController.swift in Sources */,
				938D29F5272A447200025506 /* IGFeedPostHeaderTableViewCell.swift in Sources */,
				9341B5662726B27000EC85DE /* HomeViewController.swift in Sources */,
				9341B5892726B46000EC85DE /* PostViewController.swift in Sources */,
				9341E522272A830A0063BAD8 /* FormTableViewCell.swift in Sources */,
				938D29F7272A448700025506 /* IGFeedPostActionTableViewCell.swift in Sources */,
				9341B57E2726B39500EC85DE /* NotificationsViewController.swift in Sources */,
				9355AC352727A95B007DBD4C /* Extension.swift in Sources */,
				9355AC2F2727A1FA007DBD4C /* DatabaseManager.swift in Sources */,
				938D29F1272A427400025506 /* IGFeedPostTableViewCell.swift in Sources */,
				9341B5932726B4CA00EC85DE /* SearchResultViewController.swift in Sources */,
				9341B5852726B42300EC85DE /* LoginViewController.swift in Sources */,
				938D29F9272A44AC00025506 /* IGFeedPostGeneralTableViewCell.swift in Sources */,
				9341B5912726B4BB00EC85DE /* SearchViewController.swift in Sources */,
				9341B5802726B3AE00EC85DE /* ProfileViewController.swift in Sources */,
				9341B5952726B4EE00EC85DE /* PostEditerViewController.swift in Sources */,
				9355AC312727A329007DBD4C /* AuthManager.swift in Sources */,
				9341B5622726B27000EC85DE /* AppDelegate.swift in Sources */,
				9341B5642726B27000EC85DE /* SceneDelegate.swift in Sources */,
				9341B58F2726B4AF00EC85DE /* ListViewController.swift in Sources */,
				9341B58D2726B49700EC85DE /* SettingViewController.swift in Sources */,
			);
			runOnlyForDeploymentPostprocessing = 0;
		};
/* End PBXSourcesBuildPhase section */

/* Begin PBXVariantGroup section */
		9341B5672726B27000EC85DE /* Main.storyboard */ = {
			isa = PBXVariantGroup;
			children = (
				9341B5682726B27000EC85DE /* Base */,
			);
			name = Main.storyboard;
			sourceTree = "<group>";
		};
		9341B56C2726B27200EC85DE /* LaunchScreen.storyboard */ = {
			isa = PBXVariantGroup;
			children = (
				9341B56D2726B27200EC85DE /* Base */,
			);
			name = LaunchScreen.storyboard;
			sourceTree = "<group>";
		};
/* End PBXVariantGroup section */

/* Begin XCBuildConfiguration section */
		9341B5702726B27200EC85DE /* Debug */ = {
			isa = XCBuildConfiguration;
			buildSettings = {
				ALWAYS_SEARCH_USER_PATHS = NO;
				CLANG_ANALYZER_NONNULL = YES;
				CLANG_ANALYZER_NUMBER_OBJECT_CONVERSION = YES_AGGRESSIVE;
				CLANG_CXX_LANGUAGE_STANDARD = "gnu++17";
				CLANG_CXX_LIBRARY = "libc++";
				CLANG_ENABLE_MODULES = YES;
				CLANG_ENABLE_OBJC_ARC = YES;
				CLANG_ENABLE_OBJC_WEAK = YES;
				CLANG_WARN_BLOCK_CAPTURE_AUTORELEASING = YES;
				CLANG_WARN_BOOL_CONVERSION = YES;
				CLANG_WARN_COMMA = YES;
				CLANG_WARN_CONSTANT_CONVERSION = YES;
				CLANG_WARN_DEPRECATED_OBJC_IMPLEMENTATIONS = YES;
				CLANG_WARN_DIRECT_OBJC_ISA_USAGE = YES_ERROR;
				CLANG_WARN_DOCUMENTATION_COMMENTS = YES;
				CLANG_WARN_EMPTY_BODY = YES;
				CLANG_WARN_ENUM_CONVERSION = YES;
				CLANG_WARN_INFINITE_RECURSION = YES;
				CLANG_WARN_INT_CONVERSION = YES;
				CLANG_WARN_NON_LITERAL_NULL_CONVERSION = YES;
				CLANG_WARN_OBJC_IMPLICIT_RETAIN_SELF = YES;
				CLANG_WARN_OBJC_LITERAL_CONVERSION = YES;
				CLANG_WARN_OBJC_ROOT_CLASS = YES_ERROR;
				CLANG_WARN_QUOTED_INCLUDE_IN_FRAMEWORK_HEADER = YES;
				CLANG_WARN_RANGE_LOOP_ANALYSIS = YES;
				CLANG_WARN_STRICT_PROTOTYPES = YES;
				CLANG_WARN_SUSPICIOUS_MOVE = YES;
				CLANG_WARN_UNGUARDED_AVAILABILITY = YES_AGGRESSIVE;
				CLANG_WARN_UNREACHABLE_CODE = YES;
				CLANG_WARN__DUPLICATE_METHOD_MATCH = YES;
				COPY_PHASE_STRIP = NO;
				DEBUG_INFORMATION_FORMAT = dwarf;
				ENABLE_STRICT_OBJC_MSGSEND = YES;
				ENABLE_TESTABILITY = YES;
				GCC_C_LANGUAGE_STANDARD = gnu11;
				GCC_DYNAMIC_NO_PIC = NO;
				GCC_NO_COMMON_BLOCKS = YES;
				GCC_OPTIMIZATION_LEVEL = 0;
				GCC_PREPROCESSOR_DEFINITIONS = (
					"DEBUG=1",
					"$(inherited)",
				);
				GCC_WARN_64_TO_32_BIT_CONVERSION = YES;
				GCC_WARN_ABOUT_RETURN_TYPE = YES_ERROR;
				GCC_WARN_UNDECLARED_SELECTOR = YES;
				GCC_WARN_UNINITIALIZED_AUTOS = YES_AGGRESSIVE;
				GCC_WARN_UNUSED_FUNCTION = YES;
				GCC_WARN_UNUSED_VARIABLE = YES;
				IPHONEOS_DEPLOYMENT_TARGET = 14.5;
				MTL_ENABLE_DEBUG_INFO = INCLUDE_SOURCE;
				MTL_FAST_MATH = YES;
				ONLY_ACTIVE_ARCH = YES;
				SDKROOT = iphoneos;
				SWIFT_ACTIVE_COMPILATION_CONDITIONS = DEBUG;
				SWIFT_OPTIMIZATION_LEVEL = "-Onone";
			};
			name = Debug;
		};
		9341B5712726B27200EC85DE /* Release */ = {
			isa = XCBuildConfiguration;
			buildSettings = {
				ALWAYS_SEARCH_USER_PATHS = NO;
				CLANG_ANALYZER_NONNULL = YES;
				CLANG_ANALYZER_NUMBER_OBJECT_CONVERSION = YES_AGGRESSIVE;
				CLANG_CXX_LANGUAGE_STANDARD = "gnu++17";
				CLANG_CXX_LIBRARY = "libc++";
				CLANG_ENABLE_MODULES = YES;
				CLANG_ENABLE_OBJC_ARC = YES;
				CLANG_ENABLE_OBJC_WEAK = YES;
				CLANG_WARN_BLOCK_CAPTURE_AUTORELEASING = YES;
				CLANG_WARN_BOOL_CONVERSION = YES;
				CLANG_WARN_COMMA = YES;
				CLANG_WARN_CONSTANT_CONVERSION = YES;
				CLANG_WARN_DEPRECATED_OBJC_IMPLEMENTATIONS = YES;
				CLANG_WARN_DIRECT_OBJC_ISA_USAGE = YES_ERROR;
				CLANG_WARN_DOCUMENTATION_COMMENTS = YES;
				CLANG_WARN_EMPTY_BODY = YES;
				CLANG_WARN_ENUM_CONVERSION = YES;
				CLANG_WARN_INFINITE_RECURSION = YES;
				CLANG_WARN_INT_CONVERSION = YES;
				CLANG_WARN_NON_LITERAL_NULL_CONVERSION = YES;
				CLANG_WARN_OBJC_IMPLICIT_RETAIN_SELF = YES;
				CLANG_WARN_OBJC_LITERAL_CONVERSION = YES;
				CLANG_WARN_OBJC_ROOT_CLASS = YES_ERROR;
				CLANG_WARN_QUOTED_INCLUDE_IN_FRAMEWORK_HEADER = YES;
				CLANG_WARN_RANGE_LOOP_ANALYSIS = YES;
				CLANG_WARN_STRICT_PROTOTYPES = YES;
				CLANG_WARN_SUSPICIOUS_MOVE = YES;
				CLANG_WARN_UNGUARDED_AVAILABILITY = YES_AGGRESSIVE;
				CLANG_WARN_UNREACHABLE_CODE = YES;
				CLANG_WARN__DUPLICATE_METHOD_MATCH = YES;
				COPY_PHASE_STRIP = NO;
				DEBUG_INFORMATION_FORMAT = "dwarf-with-dsym";
				ENABLE_NS_ASSERTIONS = NO;
				ENABLE_STRICT_OBJC_MSGSEND = YES;
				GCC_C_LANGUAGE_STANDARD = gnu11;
				GCC_NO_COMMON_BLOCKS = YES;
				GCC_WARN_64_TO_32_BIT_CONVERSION = YES;
				GCC_WARN_ABOUT_RETURN_TYPE = YES_ERROR;
				GCC_WARN_UNDECLARED_SELECTOR = YES;
				GCC_WARN_UNINITIALIZED_AUTOS = YES_AGGRESSIVE;
				GCC_WARN_UNUSED_FUNCTION = YES;
				GCC_WARN_UNUSED_VARIABLE = YES;
				IPHONEOS_DEPLOYMENT_TARGET = 14.5;
				MTL_ENABLE_DEBUG_INFO = NO;
				MTL_FAST_MATH = YES;
				SDKROOT = iphoneos;
				SWIFT_COMPILATION_MODE = wholemodule;
				SWIFT_OPTIMIZATION_LEVEL = "-O";
				VALIDATE_PRODUCT = YES;
			};
			name = Release;
		};
		9341B5732726B27200EC85DE /* Debug */ = {
			isa = XCBuildConfiguration;
			baseConfigurationReference = 2AA41C62DA3A5741866BD230 /* Pods-BuildInstagramApp.debug.xcconfig */;
			buildSettings = {
				ASSETCATALOG_COMPILER_APPICON_NAME = AppIcon;
				ASSETCATALOG_COMPILER_GLOBAL_ACCENT_COLOR_NAME = AccentColor;
				CODE_SIGN_STYLE = Automatic;
				CURRENT_PROJECT_VERSION = 1;
				DEVELOPMENT_TEAM = AK7H6595XM;
				GENERATE_INFOPLIST_FILE = YES;
				INFOPLIST_FILE = BuildInstagramApp/Info.plist;
				INFOPLIST_KEY_UIApplicationSupportsIndirectInputEvents = YES;
				INFOPLIST_KEY_UILaunchStoryboardName = LaunchScreen;
				INFOPLIST_KEY_UIMainStoryboardFile = Main;
				INFOPLIST_KEY_UISupportedInterfaceOrientations = UIInterfaceOrientationPortrait;
				INFOPLIST_KEY_UISupportedInterfaceOrientations_iPad = "UIInterfaceOrientationPortrait UIInterfaceOrientationPortraitUpsideDown UIInterfaceOrientationLandscapeLeft UIInterfaceOrientationLandscapeRight";
				INFOPLIST_KEY_UISupportedInterfaceOrientations_iPhone = "UIInterfaceOrientationPortrait UIInterfaceOrientationLandscapeLeft UIInterfaceOrientationLandscapeRight";
				IPHONEOS_DEPLOYMENT_TARGET = 13.0;
				LD_RUNPATH_SEARCH_PATHS = (
					"$(inherited)",
					"@executable_path/Frameworks",
				);
				MARKETING_VERSION = 1.0;
				PRODUCT_BUNDLE_IDENTIFIER = aa.BuildInstagramApp;
				PRODUCT_NAME = "$(TARGET_NAME)";
				SWIFT_EMIT_LOC_STRINGS = YES;
				SWIFT_VERSION = 5.0;
				TARGETED_DEVICE_FAMILY = "1,2";
			};
			name = Debug;
		};
		9341B5742726B27200EC85DE /* Release */ = {
			isa = XCBuildConfiguration;
			baseConfigurationReference = 509054D94A592F99BF02873C /* Pods-BuildInstagramApp.release.xcconfig */;
			buildSettings = {
				ASSETCATALOG_COMPILER_APPICON_NAME = AppIcon;
				ASSETCATALOG_COMPILER_GLOBAL_ACCENT_COLOR_NAME = AccentColor;
				CODE_SIGN_STYLE = Automatic;
				CURRENT_PROJECT_VERSION = 1;
				DEVELOPMENT_TEAM = AK7H6595XM;
				GENERATE_INFOPLIST_FILE = YES;
				INFOPLIST_FILE = BuildInstagramApp/Info.plist;
				INFOPLIST_KEY_UIApplicationSupportsIndirectInputEvents = YES;
				INFOPLIST_KEY_UILaunchStoryboardName = LaunchScreen;
				INFOPLIST_KEY_UIMainStoryboardFile = Main;
				INFOPLIST_KEY_UISupportedInterfaceOrientations = UIInterfaceOrientationPortrait;
				INFOPLIST_KEY_UISupportedInterfaceOrientations_iPad = "UIInterfaceOrientationPortrait UIInterfaceOrientationPortraitUpsideDown UIInterfaceOrientationLandscapeLeft UIInterfaceOrientationLandscapeRight";
				INFOPLIST_KEY_UISupportedInterfaceOrientations_iPhone = "UIInterfaceOrientationPortrait UIInterfaceOrientationLandscapeLeft UIInterfaceOrientationLandscapeRight";
				IPHONEOS_DEPLOYMENT_TARGET = 13.0;
				LD_RUNPATH_SEARCH_PATHS = (
					"$(inherited)",
					"@executable_path/Frameworks",
				);
				MARKETING_VERSION = 1.0;
				PRODUCT_BUNDLE_IDENTIFIER = aa.BuildInstagramApp;
				PRODUCT_NAME = "$(TARGET_NAME)";
				SWIFT_EMIT_LOC_STRINGS = YES;
				SWIFT_VERSION = 5.0;
				TARGETED_DEVICE_FAMILY = "1,2";
			};
			name = Release;
		};
/* End XCBuildConfiguration section */

/* Begin XCConfigurationList section */
		9341B5592726B27000EC85DE /* Build configuration list for PBXProject "BuildInstagramApp" */ = {
			isa = XCConfigurationList;
			buildConfigurations = (
				9341B5702726B27200EC85DE /* Debug */,
				9341B5712726B27200EC85DE /* Release */,
			);
			defaultConfigurationIsVisible = 0;
			defaultConfigurationName = Release;
		};
		9341B5722726B27200EC85DE /* Build configuration list for PBXNativeTarget "BuildInstagramApp" */ = {
			isa = XCConfigurationList;
			buildConfigurations = (
				9341B5732726B27200EC85DE /* Debug */,
				9341B5742726B27200EC85DE /* Release */,
			);
			defaultConfigurationIsVisible = 0;
			defaultConfigurationName = Release;
		};
/* End XCConfigurationList section */
	};
	rootObject = 9341B5562726B27000EC85DE /* Project object */;
}
